# This file is autogenerated, do not edit; changes may be undone by the next 'dep ensure'.


[[projects]]
  digest = "1:0d3deb8a6da8ffba5635d6fb1d2144662200def6c9d82a35a6d05d6c2d4a48f9"
  name = "github.com/beorn7/perks"
  packages = ["quantile"]
  pruneopts = ""
  revision = "4b2b341e8d7715fae06375aa633dbb6e91b3fb46"
  version = "v1.0.0"

[[projects]]
  digest = "1:0deddd908b6b4b768cfc272c16ee61e7088a60f7fe2f06c547bd3d8e1f8b8e77"
  name = "github.com/davecgh/go-spew"
  packages = ["spew"]
  pruneopts = ""
  revision = "8991bc29aa16c548c550c7ff78260e27b9ab7c73"
  version = "v1.1.1"

[[projects]]
  digest = "1:6b8f9ae642df0aa04cb156168ee0468ca4b91a6cf7ac1188c4816e4bd7498eca"
  name = "github.com/gesellix/couchdb-cluster-config"
  packages = ["pkg"]
  pruneopts = ""
  revision = "200ad6212ee806c05f41259fea233ca117d328c9"
  version = "10"

[[projects]]
  branch = "master"
  digest = "1:107b233e45174dbab5b1324201d092ea9448e58243ab9f039e4c0f332e121e3a"
  name = "github.com/golang/glog"
  packages = ["."]
  pruneopts = ""
  revision = "23def4e6c14b4da8ac2ed8007337bc5eb5007998"

[[projects]]
  branch = "master"
  digest = "1:4d197686fcd627da0b9d76901203272d24182ed4921342d9911e124777b3f5a2"
  name = "github.com/golang/protobuf"
  packages = ["proto"]
  pruneopts = ""
  revision = "e91709a02e0e8ff8b86b7aa913fdc9ae9498e825"

[[projects]]
  branch = "master"
  digest = "1:4fbfcfe715329e2f09ea644657aa791b81e73a0c835a4f79b9a0dfff0513e2b8"
  name = "github.com/hashicorp/go-version"
  packages = ["."]
  pruneopts = ""
  revision = "192140e6f3e645d971b134d4e35b5191adb9dfd3"

[[projects]]
  digest = "1:63722a4b1e1717be7b98fc686e0b30d5e7f734b9e93d7dee86293b6deab7ea28"
  name = "github.com/matttproud/golang_protobuf_extensions"
  packages = ["pbutil"]
  pruneopts = ""
  revision = "c12348ce28de40eed0136aa2b644d0ee0650e56c"
  version = "v1.0.1"

[[projects]]
  digest = "1:0828677c3ebed3fc9c4f11e17e7997a733e62a3f20b38d00d70e756b681b46ab"
  name = "github.com/namsral/flag"
  packages = ["."]
  pruneopts = ""
  revision = "71ceffbeb0ba60fccc853971bb3ed4d7d90bfd04"
  version = "v1.7.4-pre"

[[projects]]
  digest = "1:27a944cff478bdbbfa4d10417bfae2abe6ad34429c12716376c96a6f7036cc3f"
  name = "github.com/okeuday/erlang_go"
  packages = ["src/erlang"]
  pruneopts = ""
  revision = "2ed5ef9295bef5295ff47cac63d5391cc92d5b80"
  version = "v1.7.5"

[[projects]]
  digest = "1:256484dbbcd271f9ecebc6795b2df8cad4c458dd0f5fd82a8c2fa0c29f233411"
  name = "github.com/pmezard/go-difflib"
  packages = ["difflib"]
  pruneopts = ""
  revision = "792786c7400a136282c1664665ae0a8db921c6c2"
  version = "v1.0.0"

[[projects]]
  digest = "1:4142d94383572e74b42352273652c62afec5b23f325222ed09198f46009022d1"
  name = "github.com/prometheus/client_golang"
  packages = [
    "prometheus",
    "prometheus/promhttp",
  ]
  pruneopts = ""
  revision = "c5b7fccd204277076155f10851dad72b76a49317"
  version = "v0.8.0"

[[projects]]
  branch = "master"
  digest = "1:cd67319ee7536399990c4b00fae07c3413035a53193c644549a676091507cadc"
  name = "github.com/prometheus/client_model"
  packages = ["go"]
  pruneopts = ""
  revision = "fd36f4220a901265f90734c3183c5f0c91daa0b8"

[[projects]]
  digest = "1:cf0d0ad53268d7c0e6cbe9a037059a6583ffd58d25f1cd6d48920f8c3ccc537f"
  name = "github.com/prometheus/common"
  packages = [
    "expfmt",
    "internal/bitbucket.org/ww/goautoneg",
    "model",
  ]
  pruneopts = ""
  revision = "a82f4c12f983cc2649298185f296632953e50d3e"
  version = "v0.3.0"

[[projects]]
  branch = "master"
  digest = "1:f3783cf4fcf5a7d1413afa1d8b1f21ad267097e8f107ab50fc315287da0daea1"
  name = "github.com/prometheus/procfs"
  packages = ["."]
  pruneopts = ""
  revision = "87a4384529e0652f5035fb5cc8095faf73ea9b0b"

[[projects]]
  digest = "1:381bcbeb112a51493d9d998bbba207a529c73dbb49b3fd789e48c63fac1f192c"
  name = "github.com/stretchr/testify"
  packages = ["assert"]
  pruneopts = ""
  revision = "ffdc059bfe9ce6a4e144ba849dbedead332c6053"
  version = "v1.3.0"

[solve-meta]
  analyzer-name = "dep"
  analyzer-version = 1
  input-imports = [
    "github.com/gesellix/couchdb-cluster-config/pkg",
    "github.com/golang/glog",
    "github.com/golang/protobuf/proto",
    "github.com/hashicorp/go-version",
    "github.com/namsral/flag",
    "github.com/okeuday/erlang_go/src/erlang",
    "github.com/prometheus/client_golang/prometheus",
    "github.com/prometheus/client_golang/prometheus/promhttp",
    "github.com/prometheus/client_model/go",
    "github.com/stretchr/testify/assert",
  ]
  solver-name = "gps-cdcl"
  solver-version = 1
